
Microsoft Visual Studio Solution File, Format Version 12.00
# Visual Studio Version 16
VisualStudioVersion = 16.0.31624.102
MinimumVisualStudioVersion = 10.0.40219.1
Project("{9A19103F-16F7-4668-BE54-9A1E7A4F7556}") = "Order.Domain", "Order.Domain\Order.Domain.csproj", "{FC4832CF-62F8-46EE-BEEA-9BA1FDE480B0}"
EndProject
Project("{9A19103F-16F7-4668-BE54-9A1E7A4F7556}") = "Order.Infrastructure", "Order.Infrastructure\Order.Infrastructure.csproj", "{A2BB73F9-352B-408B-9DC1-2A93AAE9FEB9}"
EndProject
Project("{9A19103F-16F7-4668-BE54-9A1E7A4F7556}") = "Order.Application", "Order.Application\Order.Application.csproj", "{B73A8012-3E83-4D34-B080-DC648518B5DC}"
EndProject
Project("{9A19103F-16F7-4668-BE54-9A1E7A4F7556}") = "Order.Api", "Order.Api\Order.Api.csproj", "{69A6E4EB-5344-4ED0-98D1-685B10A53D2D}"
EndProject
Project("{2150E333-8FDC-42A3-9474-1A3956D46DE8}") = "Services", "Services", "{C4FB3D4D-5212-43B3-BECC-165BB4987AC2}"
EndProject
Project("{2150E333-8FDC-42A3-9474-1A3956D46DE8}") = "Order", "Order", "{3F4D8313-BCE3-43B2-A801-F55B6C0A6947}"
EndProject
Project("{2150E333-8FDC-42A3-9474-1A3956D46DE8}") = "BuildingBlocks", "BuildingBlocks", "{E393C747-EE9F-4097-81D2-B9581B9232CB}"
EndProject
Project("{2150E333-8FDC-42A3-9474-1A3956D46DE8}") = "EventBus", "EventBus", "{1375E60D-3CE8-4234-8B6E-C9BF3DF2DD40}"
EndProject
Project("{9A19103F-16F7-4668-BE54-9A1E7A4F7556}") = "EventBus", "EventBus\EventBus.csproj", "{A230E81B-0E7E-49B5-A327-670ADDEDCC23}"
EndProject
Project("{9A19103F-16F7-4668-BE54-9A1E7A4F7556}") = "EventBusKafka", "EventBusKafka\EventBusKafka.csproj", "{7A4EC362-50E3-4E5F-8BF6-771C947A3EDF}"
EndProject
Project("{2150E333-8FDC-42A3-9474-1A3956D46DE8}") = "MediatRAbstraction", "MediatRAbstraction", "{430D468B-6C5B-47CE-A4BB-B690BB164803}"
EndProject
Project("{FAE04EC0-301F-11D3-BF4B-00C04F79EFBC}") = "MediatRAbstraction", "MediatRAbstraction\MediatRAbstraction.csproj", "{80994DC4-DC65-4B33-B596-784AA3CA232B}"
EndProject
Global
	GlobalSection(SolutionConfigurationPlatforms) = preSolution
		Debug|Any CPU = Debug|Any CPU
		Release|Any CPU = Release|Any CPU
	EndGlobalSection
	GlobalSection(ProjectConfigurationPlatforms) = postSolution
		{FC4832CF-62F8-46EE-BEEA-9BA1FDE480B0}.Debug|Any CPU.ActiveCfg = Debug|Any CPU
		{FC4832CF-62F8-46EE-BEEA-9BA1FDE480B0}.Debug|Any CPU.Build.0 = Debug|Any CPU
		{FC4832CF-62F8-46EE-BEEA-9BA1FDE480B0}.Release|Any CPU.ActiveCfg = Release|Any CPU
		{FC4832CF-62F8-46EE-BEEA-9BA1FDE480B0}.Release|Any CPU.Build.0 = Release|Any CPU
		{A2BB73F9-352B-408B-9DC1-2A93AAE9FEB9}.Debug|Any CPU.ActiveCfg = Debug|Any CPU
		{A2BB73F9-352B-408B-9DC1-2A93AAE9FEB9}.Debug|Any CPU.Build.0 = Debug|Any CPU
		{A2BB73F9-352B-408B-9DC1-2A93AAE9FEB9}.Release|Any CPU.ActiveCfg = Release|Any CPU
		{A2BB73F9-352B-408B-9DC1-2A93AAE9FEB9}.Release|Any CPU.Build.0 = Release|Any CPU
		{B73A8012-3E83-4D34-B080-DC648518B5DC}.Debug|Any CPU.ActiveCfg = Debug|Any CPU
		{B73A8012-3E83-4D34-B080-DC648518B5DC}.Debug|Any CPU.Build.0 = Debug|Any CPU
		{B73A8012-3E83-4D34-B080-DC648518B5DC}.Release|Any CPU.ActiveCfg = Release|Any CPU
		{B73A8012-3E83-4D34-B080-DC648518B5DC}.Release|Any CPU.Build.0 = Release|Any CPU
		{69A6E4EB-5344-4ED0-98D1-685B10A53D2D}.Debug|Any CPU.ActiveCfg = Debug|Any CPU
		{69A6E4EB-5344-4ED0-98D1-685B10A53D2D}.Debug|Any CPU.Build.0 = Debug|Any CPU
		{69A6E4EB-5344-4ED0-98D1-685B10A53D2D}.Release|Any CPU.ActiveCfg = Release|Any CPU
		{69A6E4EB-5344-4ED0-98D1-685B10A53D2D}.Release|Any CPU.Build.0 = Release|Any CPU
		{A230E81B-0E7E-49B5-A327-670ADDEDCC23}.Debug|Any CPU.ActiveCfg = Debug|Any CPU
		{A230E81B-0E7E-49B5-A327-670ADDEDCC23}.Debug|Any CPU.Build.0 = Debug|Any CPU
		{A230E81B-0E7E-49B5-A327-670ADDEDCC23}.Release|Any CPU.ActiveCfg = Release|Any CPU
		{A230E81B-0E7E-49B5-A327-670ADDEDCC23}.Release|Any CPU.Build.0 = Release|Any CPU
		{7A4EC362-50E3-4E5F-8BF6-771C947A3EDF}.Debug|Any CPU.ActiveCfg = Debug|Any CPU
		{7A4EC362-50E3-4E5F-8BF6-771C947A3EDF}.Debug|Any CPU.Build.0 = Debug|Any CPU
		{7A4EC362-50E3-4E5F-8BF6-771C947A3EDF}.Release|Any CPU.ActiveCfg = Release|Any CPU
		{7A4EC362-50E3-4E5F-8BF6-771C947A3EDF}.Release|Any CPU.Build.0 = Release|Any CPU
		{80994DC4-DC65-4B33-B596-784AA3CA232B}.Debug|Any CPU.ActiveCfg = Debug|Any CPU
		{80994DC4-DC65-4B33-B596-784AA3CA232B}.Debug|Any CPU.Build.0 = Debug|Any CPU
		{80994DC4-DC65-4B33-B596-784AA3CA232B}.Release|Any CPU.ActiveCfg = Release|Any CPU
		{80994DC4-DC65-4B33-B596-784AA3CA232B}.Release|Any CPU.Build.0 = Release|Any CPU
	EndGlobalSection
	GlobalSection(SolutionProperties) = preSolution
		HideSolutionNode = FALSE
	EndGlobalSection
	GlobalSection(NestedProjects) = preSolution
		{FC4832CF-62F8-46EE-BEEA-9BA1FDE480B0} = {3F4D8313-BCE3-43B2-A801-F55B6C0A6947}
		{A2BB73F9-352B-408B-9DC1-2A93AAE9FEB9} = {3F4D8313-BCE3-43B2-A801-F55B6C0A6947}
		{B73A8012-3E83-4D34-B080-DC648518B5DC} = {3F4D8313-BCE3-43B2-A801-F55B6C0A6947}
		{69A6E4EB-5344-4ED0-98D1-685B10A53D2D} = {3F4D8313-BCE3-43B2-A801-F55B6C0A6947}
		{3F4D8313-BCE3-43B2-A801-F55B6C0A6947} = {C4FB3D4D-5212-43B3-BECC-165BB4987AC2}
		{1375E60D-3CE8-4234-8B6E-C9BF3DF2DD40} = {E393C747-EE9F-4097-81D2-B9581B9232CB}
		{A230E81B-0E7E-49B5-A327-670ADDEDCC23} = {1375E60D-3CE8-4234-8B6E-C9BF3DF2DD40}
		{7A4EC362-50E3-4E5F-8BF6-771C947A3EDF} = {1375E60D-3CE8-4234-8B6E-C9BF3DF2DD40}
		{430D468B-6C5B-47CE-A4BB-B690BB164803} = {E393C747-EE9F-4097-81D2-B9581B9232CB}
		{80994DC4-DC65-4B33-B596-784AA3CA232B} = {430D468B-6C5B-47CE-A4BB-B690BB164803}
	EndGlobalSection
	GlobalSection(ExtensibilityGlobals) = postSolution
		SolutionGuid = {98257C15-5B96-407D-A57C-4E6971320403}
	EndGlobalSection
EndGlobal
